
Microsoft Visual Studio Solution File, Format Version 12.00
# Visual Studio 15
VisualStudioVersion = 15.0.28307.271
MinimumVisualStudioVersion = 10.0.40219.1
Project("{FAE04EC0-301F-11D3-BF4B-00C04F79EFBC}") = "InternshipLibrary.Presentation", "Internship-7-Library\InternshipLibrary.Presentation.csproj", "{1B9386FA-B70C-4193-B125-FF0AFF3DF3B2}"
EndProject
Project("{FAE04EC0-301F-11D3-BF4B-00C04F79EFBC}") = "InternshipLibrary.Data", "InternshipLibrary.Data\InternshipLibrary.Data.csproj", "{6280CBF9-286C-48B8-94F2-DF4A8D93E915}"
EndProject
Project("{FAE04EC0-301F-11D3-BF4B-00C04F79EFBC}") = "InternshipLibrary.Domain", "InternshipLibrary.Domain\InternshipLibrary.Domain.csproj", "{5DD8CAD3-882F-43F5-8336-793E339CA318}"
EndProject
Global
	GlobalSection(SolutionConfigurationPlatforms) = preSolution
		Debug|Any CPU = Debug|Any CPU
		Release|Any CPU = Release|Any CPU
	EndGlobalSection
	GlobalSection(ProjectConfigurationPlatforms) = postSolution
		{1B9386FA-B70C-4193-B125-FF0AFF3DF3B2}.Debug|Any CPU.ActiveCfg = Debug|Any CPU
		{1B9386FA-B70C-4193-B125-FF0AFF3DF3B2}.Debug|Any CPU.Build.0 = Debug|Any CPU
		{1B9386FA-B70C-4193-B125-FF0AFF3DF3B2}.Release|Any CPU.ActiveCfg = Release|Any CPU
		{1B9386FA-B70C-4193-B125-FF0AFF3DF3B2}.Release|Any CPU.Build.0 = Release|Any CPU
		{6280CBF9-286C-48B8-94F2-DF4A8D93E915}.Debug|Any CPU.ActiveCfg = Debug|Any CPU
		{6280CBF9-286C-48B8-94F2-DF4A8D93E915}.Debug|Any CPU.Build.0 = Debug|Any CPU
		{6280CBF9-286C-48B8-94F2-DF4A8D93E915}.Release|Any CPU.ActiveCfg = Release|Any CPU
		{6280CBF9-286C-48B8-94F2-DF4A8D93E915}.Release|Any CPU.Build.0 = Release|Any CPU
		{5DD8CAD3-882F-43F5-8336-793E339CA318}.Debug|Any CPU.ActiveCfg = Debug|Any CPU
		{5DD8CAD3-882F-43F5-8336-793E339CA318}.Debug|Any CPU.Build.0 = Debug|Any CPU
		{5DD8CAD3-882F-43F5-8336-793E339CA318}.Release|Any CPU.ActiveCfg = Release|Any CPU
		{5DD8CAD3-882F-43F5-8336-793E339CA318}.Release|Any CPU.Build.0 = Release|Any CPU
	EndGlobalSection
	GlobalSection(SolutionProperties) = preSolution
		HideSolutionNode = FALSE
	EndGlobalSection
	GlobalSection(ExtensibilityGlobals) = postSolution
		SolutionGuid = {F7E6CED4-F6EE-4969-A9B4-F3447AB913F7}
	EndGlobalSection
EndGlobal
